
Microsoft Visual Studio Solution File, Format Version 12.00
# Visual Studio 15
VisualStudioVersion = 15.0.27130.2024
MinimumVisualStudioVersion = 10.0.40219.1
Project("{FAE04EC0-301F-11D3-BF4B-00C04F79EFBC}") = "App 5", "App 5\App 5.csproj", "{0A88D3B2-5EF1-4EC3-BD28-B705C7133ECE}"
EndProject
Global
	GlobalSection(SolutionConfigurationPlatforms) = preSolution
		Debug|Any CPU = Debug|Any CPU
		Release|Any CPU = Release|Any CPU
	EndGlobalSection
	GlobalSection(ProjectConfigurationPlatforms) = postSolution
		{0A88D3B2-5EF1-4EC3-BD28-B705C7133ECE}.Debug|Any CPU.ActiveCfg = Debug|Any CPU
		{0A88D3B2-5EF1-4EC3-BD28-B705C7133ECE}.Debug|Any CPU.Build.0 = Debug|Any CPU
		{0A88D3B2-5EF1-4EC3-BD28-B705C7133ECE}.Release|Any CPU.ActiveCfg = Release|Any CPU
		{0A88D3B2-5EF1-4EC3-BD28-B705C7133ECE}.Release|Any CPU.Build.0 = Release|Any CPU
	EndGlobalSection
	GlobalSection(SolutionProperties) = preSolution
		HideSolutionNode = FALSE
	EndGlobalSection
	GlobalSection(ExtensibilityGlobals) = postSolution
		SolutionGuid = {90AFCFE7-B1CB-442F-A14F-1D11BEF9C984}
	EndGlobalSection
EndGlobal
